
Microsoft Visual Studio Solution File, Format Version 12.00
# Visual Studio Version 17
VisualStudioVersion = 17.2.32519.379
MinimumVisualStudioVersion = 10.0.40219.1
Project("{FAE04EC0-301F-11D3-BF4B-00C04F79EFBC}") = "Core31.Gateway.Api", "Core31.Gateway.Api\Core31.Gateway.Api.csproj", "{55F2FCCF-8D1E-4CD7-B906-F9CDB3F3BDB3}"
EndProject
Project("{E53339B2-1760-4266-BCC7-CA923CBCF16C}") = "docker-compose", "docker-compose.dcproj", "{3895A29B-C187-4ED4-A891-4CEEED693DD2}"
EndProject
Project("{2150E333-8FDC-42A3-9474-1A3956D46DE8}") = "Shared", "Shared", "{BA1C43E8-37A0-4E5B-A235-FC9649C625DA}"
EndProject
Project("{FAE04EC0-301F-11D3-BF4B-00C04F79EFBC}") = "Core31.Shared.Models", "Shared\Core31.Shared.Models\Core31.Shared.Models.csproj", "{745B7B98-AD83-4379-B3DF-4D4167137573}"
EndProject
Global
	GlobalSection(SolutionConfigurationPlatforms) = preSolution
		Debug|Any CPU = Debug|Any CPU
		Release|Any CPU = Release|Any CPU
	EndGlobalSection
	GlobalSection(ProjectConfigurationPlatforms) = postSolution
		{55F2FCCF-8D1E-4CD7-B906-F9CDB3F3BDB3}.Debug|Any CPU.ActiveCfg = Debug|Any CPU
		{55F2FCCF-8D1E-4CD7-B906-F9CDB3F3BDB3}.Debug|Any CPU.Build.0 = Debug|Any CPU
		{55F2FCCF-8D1E-4CD7-B906-F9CDB3F3BDB3}.Release|Any CPU.ActiveCfg = Release|Any CPU
		{55F2FCCF-8D1E-4CD7-B906-F9CDB3F3BDB3}.Release|Any CPU.Build.0 = Release|Any CPU
		{3895A29B-C187-4ED4-A891-4CEEED693DD2}.Debug|Any CPU.ActiveCfg = Debug|Any CPU
		{3895A29B-C187-4ED4-A891-4CEEED693DD2}.Debug|Any CPU.Build.0 = Debug|Any CPU
		{3895A29B-C187-4ED4-A891-4CEEED693DD2}.Release|Any CPU.ActiveCfg = Release|Any CPU
		{3895A29B-C187-4ED4-A891-4CEEED693DD2}.Release|Any CPU.Build.0 = Release|Any CPU
		{745B7B98-AD83-4379-B3DF-4D4167137573}.Debug|Any CPU.ActiveCfg = Debug|Any CPU
		{745B7B98-AD83-4379-B3DF-4D4167137573}.Debug|Any CPU.Build.0 = Debug|Any CPU
		{745B7B98-AD83-4379-B3DF-4D4167137573}.Release|Any CPU.ActiveCfg = Release|Any CPU
		{745B7B98-AD83-4379-B3DF-4D4167137573}.Release|Any CPU.Build.0 = Release|Any CPU
	EndGlobalSection
	GlobalSection(SolutionProperties) = preSolution
		HideSolutionNode = FALSE
	EndGlobalSection
	GlobalSection(NestedProjects) = preSolution
		{745B7B98-AD83-4379-B3DF-4D4167137573} = {BA1C43E8-37A0-4E5B-A235-FC9649C625DA}
	EndGlobalSection
	GlobalSection(ExtensibilityGlobals) = postSolution
		SolutionGuid = {151B0528-B80F-4FA7-AC74-E5934A986340}
	EndGlobalSection
EndGlobal
